
Microsoft Visual Studio Solution File, Format Version 12.00
# Visual Studio 15
VisualStudioVersion = 15.0.27004.2005
MinimumVisualStudioVersion = 10.0.40219.1
Project("{FAE04EC0-301F-11D3-BF4B-00C04F79EFBC}") = "GradedAssignment", "GradedAssignment\GradedAssignment.csproj", "{461491C3-6722-4190-BCF6-7EAD3A3D8331}"
EndProject
Global
	GlobalSection(SolutionConfigurationPlatforms) = preSolution
		Debug|Any CPU = Debug|Any CPU
		Release|Any CPU = Release|Any CPU
	EndGlobalSection
	GlobalSection(ProjectConfigurationPlatforms) = postSolution
		{461491C3-6722-4190-BCF6-7EAD3A3D8331}.Debug|Any CPU.ActiveCfg = Debug|Any CPU
		{461491C3-6722-4190-BCF6-7EAD3A3D8331}.Debug|Any CPU.Build.0 = Debug|Any CPU
		{461491C3-6722-4190-BCF6-7EAD3A3D8331}.Release|Any CPU.ActiveCfg = Release|Any CPU
		{461491C3-6722-4190-BCF6-7EAD3A3D8331}.Release|Any CPU.Build.0 = Release|Any CPU
	EndGlobalSection
	GlobalSection(SolutionProperties) = preSolution
		HideSolutionNode = FALSE
	EndGlobalSection
	GlobalSection(ExtensibilityGlobals) = postSolution
		SolutionGuid = {1514B206-B7EC-456F-A656-625E3CBA88D6}
	EndGlobalSection
EndGlobal
